
Microsoft Visual Studio Solution File, Format Version 12.00
Project("{FAE04EC0-301F-11D3-BF4B-00C04F79EFBC}") = "SW.Auth.Web", "SW.Auth.Web\SW.Auth.Web.csproj", "{7E9DDD0C-2FEB-49DF-A0FC-90F74E9BCF1D}"
EndProject
Project("{FAE04EC0-301F-11D3-BF4B-00C04F79EFBC}") = "SW.Auth.Sdk", "SW.Auth.Sdk\SW.Auth.Sdk.csproj", "{6B73CC28-85C0-4733-9090-BAF044CCB87B}"
EndProject
Global
	GlobalSection(SolutionConfigurationPlatforms) = preSolution
		Debug|Any CPU = Debug|Any CPU
		Release|Any CPU = Release|Any CPU
	EndGlobalSection
	GlobalSection(ProjectConfigurationPlatforms) = postSolution
		{7E9DDD0C-2FEB-49DF-A0FC-90F74E9BCF1D}.Debug|Any CPU.ActiveCfg = Debug|Any CPU
		{7E9DDD0C-2FEB-49DF-A0FC-90F74E9BCF1D}.Debug|Any CPU.Build.0 = Debug|Any CPU
		{7E9DDD0C-2FEB-49DF-A0FC-90F74E9BCF1D}.Release|Any CPU.ActiveCfg = Release|Any CPU
		{7E9DDD0C-2FEB-49DF-A0FC-90F74E9BCF1D}.Release|Any CPU.Build.0 = Release|Any CPU
		{6B73CC28-85C0-4733-9090-BAF044CCB87B}.Debug|Any CPU.ActiveCfg = Debug|Any CPU
		{6B73CC28-85C0-4733-9090-BAF044CCB87B}.Debug|Any CPU.Build.0 = Debug|Any CPU
		{6B73CC28-85C0-4733-9090-BAF044CCB87B}.Release|Any CPU.ActiveCfg = Release|Any CPU
		{6B73CC28-85C0-4733-9090-BAF044CCB87B}.Release|Any CPU.Build.0 = Release|Any CPU
	EndGlobalSection
EndGlobal
